
Microsoft Visual Studio Solution File, Format Version 12.00
# Visual Studio Version 17
VisualStudioVersion = 17.9.34728.123
MinimumVisualStudioVersion = 10.0.40219.1
Project("{2150E333-8FDC-42A3-9474-1A3956D46DE8}") = "FrontEnd", "FrontEnd", "{9FC1B3E7-D59C-4DDA-B663-C74B2DBC3223}"
EndProject
Project("{2150E333-8FDC-42A3-9474-1A3956D46DE8}") = "Services", "Services", "{74999040-3997-4F67-ABCA-EE949A0969A7}"
EndProject
Project("{FAE04EC0-301F-11D3-BF4B-00C04F79EFBC}") = "GeekShopping.Web", "GeekShopping.Web\GeekShopping.Web.csproj", "{0C8221AA-2FD6-45B4-AB3F-F2B2A41AD105}"
EndProject
Project("{FAE04EC0-301F-11D3-BF4B-00C04F79EFBC}") = "GeekShopping.ProductAPI", "GeekShopping.ProductAPI\GeekShopping.ProductAPI.csproj", "{30FB8C6B-AA60-49EB-864D-CB43EAAB639E}"
EndProject
Global
	GlobalSection(SolutionConfigurationPlatforms) = preSolution
		Debug|Any CPU = Debug|Any CPU
		Release|Any CPU = Release|Any CPU
	EndGlobalSection
	GlobalSection(ProjectConfigurationPlatforms) = postSolution
		{0C8221AA-2FD6-45B4-AB3F-F2B2A41AD105}.Debug|Any CPU.ActiveCfg = Debug|Any CPU
		{0C8221AA-2FD6-45B4-AB3F-F2B2A41AD105}.Debug|Any CPU.Build.0 = Debug|Any CPU
		{0C8221AA-2FD6-45B4-AB3F-F2B2A41AD105}.Release|Any CPU.ActiveCfg = Release|Any CPU
		{0C8221AA-2FD6-45B4-AB3F-F2B2A41AD105}.Release|Any CPU.Build.0 = Release|Any CPU
		{30FB8C6B-AA60-49EB-864D-CB43EAAB639E}.Debug|Any CPU.ActiveCfg = Debug|Any CPU
		{30FB8C6B-AA60-49EB-864D-CB43EAAB639E}.Debug|Any CPU.Build.0 = Debug|Any CPU
		{30FB8C6B-AA60-49EB-864D-CB43EAAB639E}.Release|Any CPU.ActiveCfg = Release|Any CPU
		{30FB8C6B-AA60-49EB-864D-CB43EAAB639E}.Release|Any CPU.Build.0 = Release|Any CPU
	EndGlobalSection
	GlobalSection(SolutionProperties) = preSolution
		HideSolutionNode = FALSE
	EndGlobalSection
	GlobalSection(NestedProjects) = preSolution
		{0C8221AA-2FD6-45B4-AB3F-F2B2A41AD105} = {9FC1B3E7-D59C-4DDA-B663-C74B2DBC3223}
		{30FB8C6B-AA60-49EB-864D-CB43EAAB639E} = {74999040-3997-4F67-ABCA-EE949A0969A7}
	EndGlobalSection
	GlobalSection(ExtensibilityGlobals) = postSolution
		SolutionGuid = {4412BCA5-9E36-4303-8BA2-26B96D150013}
	EndGlobalSection
EndGlobal
