
Microsoft Visual Studio Solution File, Format Version 12.00
# Visual Studio Version 17
VisualStudioVersion = 17.9.34728.123
MinimumVisualStudioVersion = 10.0.40219.1
Project("{2150E333-8FDC-42A3-9474-1A3956D46DE8}") = "Services", "Services", "{74999040-3997-4F67-ABCA-EE949A0969A7}"
EndProject
Project("{9A19103F-16F7-4668-BE54-9A1E7A4F7556}") = "GeekShopping.ProductAPI", "GeekShopping.ProductAPI\GeekShopping.ProductAPI.csproj", "{30FB8C6B-AA60-49EB-864D-CB43EAAB639E}"
EndProject
Project("{2150E333-8FDC-42A3-9474-1A3956D46DE8}") = "FrontEnd", "FrontEnd", "{A71BE420-2076-4933-9F10-AA8877B12F53}"
EndProject
Project("{9A19103F-16F7-4668-BE54-9A1E7A4F7556}") = "GeekShopping.Web", "GeekShopping.Web\GeekShopping.Web.csproj", "{ACCAD460-37B0-4626-A87D-33541D0BC618}"
EndProject
Project("{9A19103F-16F7-4668-BE54-9A1E7A4F7556}") = "GeekShopping.IdentityServer", "GeekShopping.IdentityServer\GeekShopping.IdentityServer.csproj", "{759FE3C3-69ED-4714-A37A-B7EBEB416C1D}"
EndProject
Project("{9A19103F-16F7-4668-BE54-9A1E7A4F7556}") = "GeekShopping.CartAPI", "GeekShopping.CartAPI\GeekShopping.CartAPI.csproj", "{C43625BA-E76A-4719-B580-6A2E5AF79F45}"
EndProject
Project("{9A19103F-16F7-4668-BE54-9A1E7A4F7556}") = "GeekShopping.CouponAPI", "GeekShopping.CouponAPI\GeekShopping.CouponAPI.csproj", "{2EF7ADB0-804A-4688-8123-1754880650BA}"
EndProject
Project("{2150E333-8FDC-42A3-9474-1A3956D46DE8}") = "Integration", "Integration", "{8000112D-8DDC-4438-A41F-67FA7DA8171E}"
EndProject
Project("{FAE04EC0-301F-11D3-BF4B-00C04F79EFBC}") = "GeekShopping.MessageBus", "GeekShopping.MessageBus\GeekShopping.MessageBus.csproj", "{6D8FA321-08D8-43E7-AE9B-E4C465B1BE6F}"
EndProject
Project("{FAE04EC0-301F-11D3-BF4B-00C04F79EFBC}") = "GeekShopping.OrderAPI", "GeekShopping.OrderAPI\GeekShopping.OrderAPI.csproj", "{BA20FF0F-A9B0-4ECD-8A15-2383E9412A18}"
EndProject
Project("{2150E333-8FDC-42A3-9474-1A3956D46DE8}") = "Payments", "Payments", "{915F63CD-7A75-4923-8280-811557D84C24}"
EndProject
Project("{FAE04EC0-301F-11D3-BF4B-00C04F79EFBC}") = "GeekShopping.PaymentProcessor", "GeekShopping.PaymentProcessor\GeekShopping.PaymentProcessor.csproj", "{2F8C1488-C756-4042-9556-B5791290CE2E}"
EndProject
Project("{FAE04EC0-301F-11D3-BF4B-00C04F79EFBC}") = "GeekShopping.PaymentAPI", "GeekShopping.PaymentAPI\GeekShopping.PaymentAPI.csproj", "{2703A87E-431E-4FCD-A0CD-2E7C6478CC27}"
EndProject
Project("{FAE04EC0-301F-11D3-BF4B-00C04F79EFBC}") = "GeekShopping.Email", "GeekShopping.Email\GeekShopping.Email.csproj", "{DAE6D4A6-52EE-4458-9C8A-89F4AA351049}"
EndProject
Global
	GlobalSection(SolutionConfigurationPlatforms) = preSolution
		Debug|Any CPU = Debug|Any CPU
		Release|Any CPU = Release|Any CPU
	EndGlobalSection
	GlobalSection(ProjectConfigurationPlatforms) = postSolution
		{30FB8C6B-AA60-49EB-864D-CB43EAAB639E}.Debug|Any CPU.ActiveCfg = Debug|Any CPU
		{30FB8C6B-AA60-49EB-864D-CB43EAAB639E}.Debug|Any CPU.Build.0 = Debug|Any CPU
		{30FB8C6B-AA60-49EB-864D-CB43EAAB639E}.Release|Any CPU.ActiveCfg = Release|Any CPU
		{30FB8C6B-AA60-49EB-864D-CB43EAAB639E}.Release|Any CPU.Build.0 = Release|Any CPU
		{ACCAD460-37B0-4626-A87D-33541D0BC618}.Debug|Any CPU.ActiveCfg = Debug|Any CPU
		{ACCAD460-37B0-4626-A87D-33541D0BC618}.Debug|Any CPU.Build.0 = Debug|Any CPU
		{ACCAD460-37B0-4626-A87D-33541D0BC618}.Release|Any CPU.ActiveCfg = Release|Any CPU
		{ACCAD460-37B0-4626-A87D-33541D0BC618}.Release|Any CPU.Build.0 = Release|Any CPU
		{759FE3C3-69ED-4714-A37A-B7EBEB416C1D}.Debug|Any CPU.ActiveCfg = Debug|Any CPU
		{759FE3C3-69ED-4714-A37A-B7EBEB416C1D}.Debug|Any CPU.Build.0 = Debug|Any CPU
		{759FE3C3-69ED-4714-A37A-B7EBEB416C1D}.Release|Any CPU.ActiveCfg = Release|Any CPU
		{759FE3C3-69ED-4714-A37A-B7EBEB416C1D}.Release|Any CPU.Build.0 = Release|Any CPU
		{C43625BA-E76A-4719-B580-6A2E5AF79F45}.Debug|Any CPU.ActiveCfg = Debug|Any CPU
		{C43625BA-E76A-4719-B580-6A2E5AF79F45}.Debug|Any CPU.Build.0 = Debug|Any CPU
		{C43625BA-E76A-4719-B580-6A2E5AF79F45}.Release|Any CPU.ActiveCfg = Release|Any CPU
		{C43625BA-E76A-4719-B580-6A2E5AF79F45}.Release|Any CPU.Build.0 = Release|Any CPU
		{2EF7ADB0-804A-4688-8123-1754880650BA}.Debug|Any CPU.ActiveCfg = Debug|Any CPU
		{2EF7ADB0-804A-4688-8123-1754880650BA}.Debug|Any CPU.Build.0 = Debug|Any CPU
		{2EF7ADB0-804A-4688-8123-1754880650BA}.Release|Any CPU.ActiveCfg = Release|Any CPU
		{2EF7ADB0-804A-4688-8123-1754880650BA}.Release|Any CPU.Build.0 = Release|Any CPU
		{6D8FA321-08D8-43E7-AE9B-E4C465B1BE6F}.Debug|Any CPU.ActiveCfg = Debug|Any CPU
		{6D8FA321-08D8-43E7-AE9B-E4C465B1BE6F}.Debug|Any CPU.Build.0 = Debug|Any CPU
		{6D8FA321-08D8-43E7-AE9B-E4C465B1BE6F}.Release|Any CPU.ActiveCfg = Release|Any CPU
		{6D8FA321-08D8-43E7-AE9B-E4C465B1BE6F}.Release|Any CPU.Build.0 = Release|Any CPU
		{BA20FF0F-A9B0-4ECD-8A15-2383E9412A18}.Debug|Any CPU.ActiveCfg = Debug|Any CPU
		{BA20FF0F-A9B0-4ECD-8A15-2383E9412A18}.Debug|Any CPU.Build.0 = Debug|Any CPU
		{BA20FF0F-A9B0-4ECD-8A15-2383E9412A18}.Release|Any CPU.ActiveCfg = Release|Any CPU
		{BA20FF0F-A9B0-4ECD-8A15-2383E9412A18}.Release|Any CPU.Build.0 = Release|Any CPU
		{2F8C1488-C756-4042-9556-B5791290CE2E}.Debug|Any CPU.ActiveCfg = Debug|Any CPU
		{2F8C1488-C756-4042-9556-B5791290CE2E}.Debug|Any CPU.Build.0 = Debug|Any CPU
		{2F8C1488-C756-4042-9556-B5791290CE2E}.Release|Any CPU.ActiveCfg = Release|Any CPU
		{2F8C1488-C756-4042-9556-B5791290CE2E}.Release|Any CPU.Build.0 = Release|Any CPU
		{2703A87E-431E-4FCD-A0CD-2E7C6478CC27}.Debug|Any CPU.ActiveCfg = Debug|Any CPU
		{2703A87E-431E-4FCD-A0CD-2E7C6478CC27}.Debug|Any CPU.Build.0 = Debug|Any CPU
		{2703A87E-431E-4FCD-A0CD-2E7C6478CC27}.Release|Any CPU.ActiveCfg = Release|Any CPU
		{2703A87E-431E-4FCD-A0CD-2E7C6478CC27}.Release|Any CPU.Build.0 = Release|Any CPU
		{DAE6D4A6-52EE-4458-9C8A-89F4AA351049}.Debug|Any CPU.ActiveCfg = Debug|Any CPU
		{DAE6D4A6-52EE-4458-9C8A-89F4AA351049}.Debug|Any CPU.Build.0 = Debug|Any CPU
		{DAE6D4A6-52EE-4458-9C8A-89F4AA351049}.Release|Any CPU.ActiveCfg = Release|Any CPU
		{DAE6D4A6-52EE-4458-9C8A-89F4AA351049}.Release|Any CPU.Build.0 = Release|Any CPU
	EndGlobalSection
	GlobalSection(SolutionProperties) = preSolution
		HideSolutionNode = FALSE
	EndGlobalSection
	GlobalSection(NestedProjects) = preSolution
		{30FB8C6B-AA60-49EB-864D-CB43EAAB639E} = {74999040-3997-4F67-ABCA-EE949A0969A7}
		{ACCAD460-37B0-4626-A87D-33541D0BC618} = {A71BE420-2076-4933-9F10-AA8877B12F53}
		{759FE3C3-69ED-4714-A37A-B7EBEB416C1D} = {74999040-3997-4F67-ABCA-EE949A0969A7}
		{C43625BA-E76A-4719-B580-6A2E5AF79F45} = {74999040-3997-4F67-ABCA-EE949A0969A7}
		{2EF7ADB0-804A-4688-8123-1754880650BA} = {74999040-3997-4F67-ABCA-EE949A0969A7}
		{6D8FA321-08D8-43E7-AE9B-E4C465B1BE6F} = {8000112D-8DDC-4438-A41F-67FA7DA8171E}
		{BA20FF0F-A9B0-4ECD-8A15-2383E9412A18} = {74999040-3997-4F67-ABCA-EE949A0969A7}
		{2F8C1488-C756-4042-9556-B5791290CE2E} = {915F63CD-7A75-4923-8280-811557D84C24}
		{2703A87E-431E-4FCD-A0CD-2E7C6478CC27} = {74999040-3997-4F67-ABCA-EE949A0969A7}
		{DAE6D4A6-52EE-4458-9C8A-89F4AA351049} = {74999040-3997-4F67-ABCA-EE949A0969A7}
	EndGlobalSection
	GlobalSection(ExtensibilityGlobals) = postSolution
		SolutionGuid = {4412BCA5-9E36-4303-8BA2-26B96D150013}
	EndGlobalSection
EndGlobal
